
Microsoft Visual Studio Solution File, Format Version 12.00
# Visual Studio 15
VisualStudioVersion = 15.0.28307.852
MinimumVisualStudioVersion = 10.0.40219.1
Project("{FAE04EC0-301F-11D3-BF4B-00C04F79EFBC}") = "ClipboardRecorder", "ClipboardRecorder\ClipboardRecorder.csproj", "{502CC66D-4F44-4E5D-B4ED-1BDE0C53D142}"
EndProject
Global
	GlobalSection(SolutionConfigurationPlatforms) = preSolution
		Debug|Any CPU = Debug|Any CPU
		Release|Any CPU = Release|Any CPU
	EndGlobalSection
	GlobalSection(ProjectConfigurationPlatforms) = postSolution
		{502CC66D-4F44-4E5D-B4ED-1BDE0C53D142}.Debug|Any CPU.ActiveCfg = Debug|Any CPU
		{502CC66D-4F44-4E5D-B4ED-1BDE0C53D142}.Debug|Any CPU.Build.0 = Debug|Any CPU
		{502CC66D-4F44-4E5D-B4ED-1BDE0C53D142}.Release|Any CPU.ActiveCfg = Release|Any CPU
		{502CC66D-4F44-4E5D-B4ED-1BDE0C53D142}.Release|Any CPU.Build.0 = Release|Any CPU
	EndGlobalSection
	GlobalSection(SolutionProperties) = preSolution
		HideSolutionNode = FALSE
	EndGlobalSection
	GlobalSection(ExtensibilityGlobals) = postSolution
		SolutionGuid = {E1BD2614-DF76-4BF4-8044-42A5034D8219}
	EndGlobalSection
EndGlobal
